<?xml version="1.0" encoding="utf-8"?>
<Project ToolsVersion="4.0" xmlns="http://schemas.microsoft.com/developer/msbuild/2003">
  <ItemGroup>
    <Filter Include="Source Files">
      <UniqueIdentifier>{4FC737F1-C7A5-4376-A066-2A32D752A2FF}</UniqueIdentifier>
      <Extensions>cpp;c;cc;cxx;def;odl;idl;hpj;bat;asm;asmx</Extensions>
    </Filter>
    <Filter Include="Header Files">
      <UniqueIdentifier>{93995380-89BD-4b04-88EB-625FBE52EBFB}</UniqueIdentifier>
      <Extensions>h;hh;hpp;hxx;hm;inl;inc;xsd</Extensions>
    </Filter>
    <Filter Include="Resource Files">
      <UniqueIdentifier>{67DA6AB6-F800-4c08-8B7A-83BB121AAD01}</UniqueIdentifier>
      <Extensions>rc;ico;cur;bmp;dlg;rc2;rct;bin;rgs;gif;jpg;jpeg;jpe;resx;tiff;tif;png;wav;mfcribbon-ms</Extensions>
    </Filter>
  </ItemGroup>
  <ItemGroup>
    <ClInclude Include="stdafx.h">
      <Filter>Header Files</Filter>
    </ClInclude>
    <ClInclude Include="targetver.h">
      <Filter>Header Files</Filter>
    </ClInclude>
    <ClInclude Include="inc\vulkan\vulkan.h">
      <Filter>Header Files</Filter>
    </ClInclude>
    <ClInclude Include="inc\vulkan\vk_platform.h">
      <Filter>Header Files</Filter>
    </ClInclude>
    <ClInclude Include="inc\vulkan\vk_cpp.h">
      <Filter>Header Files</Filter>
    </ClInclude>
    <ClInclude Include="inc\math\irec.h">
      <Filter>Header Files</Filter>
    </ClInclude>
    <ClInclude Include="inc\math\ivec2.h">
      <Filter>Header Files</Filter>
    </ClInclude>
    <ClInclude Include="inc\math\mat4.h">
      <Filter>Header Files</Filter>
    </ClInclude>
    <ClInclude Include="inc\math\quat.h">
      <Filter>Header Files</Filter>
    </ClInclude>
    <ClInclude Include="inc\math\rec.h">
      <Filter>Header Files</Filter>
    </ClInclude>
    <ClInclude Include="inc\math\vec2.h">
      <Filter>Header Files</Filter>
    </ClInclude>
    <ClInclude Include="inc\math\vec3.h">
      <Filter>Header Files</Filter>
    </ClInclude>
    <ClInclude Include="inc\math\vec4.h">
      <Filter>Header Files</Filter>
    </ClInclude>
    <ClInclude Include="inc\window.h">
      <Filter>Header Files</Filter>
    </ClInclude>
    <ClInclude Include="inc\util\file.h">
      <Filter>Header Files</Filter>
    </ClInclude>
    <ClInclude Include="inc\util\directory.h">
      <Filter>Header Files</Filter>
    </ClInclude>
    <ClInclude Include="inc\util\strext.h">
      <Filter>Header Files</Filter>
    </ClInclude>
    <ClInclude Include="inc\vkwrap\buffer.h">
      <Filter>Header Files</Filter>
    </ClInclude>
    <ClInclude Include="inc\vkwrap\command_buffer.h">
      <Filter>Header Files</Filter>
    </ClInclude>
    <ClInclude Include="inc\vkwrap\command_pool.h">
      <Filter>Header Files</Filter>
    </ClInclude>
    <ClInclude Include="inc\vkwrap\descriptor_pool.h">
      <Filter>Header Files</Filter>
    </ClInclude>
    <ClInclude Include="inc\vkwrap\descriptor_set.h">
      <Filter>Header Files</Filter>
    </ClInclude>
    <ClInclude Include="inc\vkwrap\descriptor_set_layout.h">
      <Filter>Header Files</Filter>
    </ClInclude>
    <ClInclude Include="inc\vkwrap\device.h">
      <Filter>Header Files</Filter>
    </ClInclude>
    <ClInclude Include="inc\vkwrap\framebuffer.h">
      <Filter>Header Files</Filter>
    </ClInclude>
    <ClInclude Include="inc\vkwrap\gpu_memory.h">
      <Filter>Header Files</Filter>
    </ClInclude>
    <ClInclude Include="inc\vkwrap\image.h">
      <Filter>Header Files</Filter>
    </ClInclude>
    <ClInclude Include="inc\vkwrap\image_view.h">
      <Filter>Header Files</Filter>
    </ClInclude>
    <ClInclude Include="inc\vkwrap\instance.h">
      <Filter>Header Files</Filter>
    </ClInclude>
    <ClInclude Include="inc\vkwrap\pipeline.h">
      <Filter>Header Files</Filter>
    </ClInclude>
    <ClInclude Include="inc\vkwrap\pipeline_cache.h">
      <Filter>Header Files</Filter>
    </ClInclude>
    <ClInclude Include="inc\vkwrap\pipeline_layout.h">
      <Filter>Header Files</Filter>
    </ClInclude>
    <ClInclude Include="inc\vkwrap\render_pass.h">
      <Filter>Header Files</Filter>
    </ClInclude>
    <ClInclude Include="inc\vkwrap\semaphore.h">
      <Filter>Header Files</Filter>
    </ClInclude>
    <ClInclude Include="inc\vkwrap\shader_module.h">
      <Filter>Header Files</Filter>
    </ClInclude>
    <ClInclude Include="inc\vkwrap\swap_chain.h">
      <Filter>Header Files</Filter>
    </ClInclude>
    <ClInclude Include="inc\vkwrap\win32_surface.h">
      <Filter>Header Files</Filter>
    </ClInclude>
    <ClInclude Include="inc\util\dispatcher.h">
      <Filter>Header Files</Filter>
    </ClInclude>
    <ClInclude Include="inc\keyboard.h">
      <Filter>Header Files</Filter>
    </ClInclude>
    <ClInclude Include="inc\mouse.h">
      <Filter>Header Files</Filter>
    </ClInclude>
    <ClInclude Include="inc\mesh.h">
      <Filter>Header Files</Filter>
    </ClInclude>
    <ClInclude Include="inc\model.h">
      <Filter>Header Files</Filter>
    </ClInclude>
    <ClInclude Include="inc\util\setops.h">
      <Filter>Header Files</Filter>
    </ClInclude>
    <ClInclude Include="inc\util\shortcuts.h">
      <Filter>Header Files</Filter>
    </ClInclude>
    <ClInclude Include="inc\vkwrap\physical_device.h">
      <Filter>Header Files</Filter>
    </ClInclude>
  </ItemGroup>
  <ItemGroup>
    <ClCompile Include="stdafx.cpp">
      <Filter>Source Files</Filter>
    </ClCompile>
    <ClCompile Include="nIceVulkan.cpp">
      <Filter>Source Files</Filter>
    </ClCompile>
    <ClCompile Include="src\math\irec.cpp">
      <Filter>Source Files</Filter>
    </ClCompile>
    <ClCompile Include="src\math\ivec2.cpp">
      <Filter>Source Files</Filter>
    </ClCompile>
    <ClCompile Include="src\math\mat4.cpp">
      <Filter>Source Files</Filter>
    </ClCompile>
    <ClCompile Include="src\math\quat.cpp">
      <Filter>Source Files</Filter>
    </ClCompile>
    <ClCompile Include="src\math\rec.cpp">
      <Filter>Source Files</Filter>
    </ClCompile>
    <ClCompile Include="src\math\vec2.cpp">
      <Filter>Source Files</Filter>
    </ClCompile>
    <ClCompile Include="src\math\vec3.cpp">
      <Filter>Source Files</Filter>
    </ClCompile>
    <ClCompile Include="src\math\vec4.cpp">
      <Filter>Source Files</Filter>
    </ClCompile>
    <ClCompile Include="src\window.cpp">
      <Filter>Source Files</Filter>
    </ClCompile>
    <ClCompile Include="src\util\file.cpp">
      <Filter>Source Files</Filter>
    </ClCompile>
    <ClCompile Include="src\util\directory.cpp">
      <Filter>Source Files</Filter>
    </ClCompile>
    <ClCompile Include="src\util\strext.cpp">
      <Filter>Source Files</Filter>
    </ClCompile>
    <ClCompile Include="src\vkwrap\buffer.cpp">
      <Filter>Source Files</Filter>
    </ClCompile>
    <ClCompile Include="src\vkwrap\command_buffer.cpp">
      <Filter>Source Files</Filter>
    </ClCompile>
    <ClCompile Include="src\vkwrap\command_pool.cpp">
      <Filter>Source Files</Filter>
    </ClCompile>
    <ClCompile Include="src\vkwrap\descriptor_pool.cpp">
      <Filter>Source Files</Filter>
    </ClCompile>
    <ClCompile Include="src\vkwrap\descriptor_set.cpp">
      <Filter>Source Files</Filter>
    </ClCompile>
    <ClCompile Include="src\vkwrap\descriptor_set_layout.cpp">
      <Filter>Source Files</Filter>
    </ClCompile>
    <ClCompile Include="src\vkwrap\device.cpp">
      <Filter>Source Files</Filter>
    </ClCompile>
    <ClCompile Include="src\vkwrap\framebuffer.cpp">
      <Filter>Source Files</Filter>
    </ClCompile>
    <ClCompile Include="src\vkwrap\gpu_memory.cpp">
      <Filter>Source Files</Filter>
    </ClCompile>
    <ClCompile Include="src\vkwrap\image.cpp">
      <Filter>Source Files</Filter>
    </ClCompile>
    <ClCompile Include="src\vkwrap\image_view.cpp">
      <Filter>Source Files</Filter>
    </ClCompile>
    <ClCompile Include="src\vkwrap\instance.cpp">
      <Filter>Source Files</Filter>
    </ClCompile>
    <ClCompile Include="src\vkwrap\pipeline.cpp">
      <Filter>Source Files</Filter>
    </ClCompile>
    <ClCompile Include="src\vkwrap\pipeline_cache.cpp">
      <Filter>Source Files</Filter>
    </ClCompile>
    <ClCompile Include="src\vkwrap\pipeline_layout.cpp">
      <Filter>Source Files</Filter>
    </ClCompile>
    <ClCompile Include="src\vkwrap\render_pass.cpp">
      <Filter>Source Files</Filter>
    </ClCompile>
    <ClCompile Include="src\vkwrap\semaphore.cpp">
      <Filter>Source Files</Filter>
    </ClCompile>
    <ClCompile Include="src\vkwrap\shader_module.cpp">
      <Filter>Source Files</Filter>
    </ClCompile>
    <ClCompile Include="src\vkwrap\swap_chain.cpp">
      <Filter>Source Files</Filter>
    </ClCompile>
    <ClCompile Include="src\vkwrap\win32_surface.cpp">
      <Filter>Source Files</Filter>
    </ClCompile>
    <ClCompile Include="src\keyboard.cpp">
      <Filter>Source Files</Filter>
    </ClCompile>
    <ClCompile Include="src\mouse.cpp">
      <Filter>Source Files</Filter>
    </ClCompile>
    <ClCompile Include="src\model.cpp">
      <Filter>Source Files</Filter>
    </ClCompile>
    <ClCompile Include="inc\vkwrap\physical_device.cpp">
      <Filter>Source Files</Filter>
    </ClCompile>
  </ItemGroup>
</Project>